{
  "nodes": {
    "home": {
      "inputs": {
        "nixpkgs": [
          "nixpkgs"
        ]
      },
      "locked": {
        "lastModified": 1643933536,
        "narHash": "sha256-yRmsWAG4DnLxLIUtlaZsl0kH7rN5xSoyNRlf0YZrcH4=",
        "owner": "nix-community",
        "repo": "home-manager",
        "rev": "2860d7e3bb350f18f7477858f3513f9798896831",
        "type": "github"
      },
      "original": {
        "owner": "nix-community",
        "ref": "release-21.11",
        "repo": "home-manager",
        "type": "github"
      }
    },
    "impermanence": {
      "locked": {
        "lastModified": 1636812815,
        "narHash": "sha256-OG4/4cD2sGNM+ROaYhczwUJ3YCtzaIgX96rFjCs85JE=",
        "owner": "nix-community",
        "repo": "impermanence",
        "rev": "00df1e57bb9c7551b45a11c70f5472d0cbfbfff7",
	"type": "github"
      },
      "original": {
        "owner": "nix-community",
        "ref": "master",
        "repo": "impermanence",
        "type": "github"
      }
    },
    "latest": {
      "locked": {
        "lastModified": 1645173540,
        "narHash": "sha256-26qY/+PpD3xtPAWfLan2WauEOOMrQHM2Yi6yBOm8gEE=",
        "owner": "nixos",
        "repo": "nixpkgs",
        "rev": "5c14481fbdf850bfec7ba8c258d92b9d86f863de",
        "type": "github"
      },
      "original": {
        "owner": "nixos",
        "ref": "master",
        "repo": "nixpkgs",
        "type": "github"
      }
    },
    "nixpkgs": {
      "locked": {
        "lastModified": 1645010845,
        "narHash": "sha256-hO9X4PvxkSLMQnGGB7tOrKPwufhLMiNQMNXNwzLqneo=",
        "owner": "nixos",
        "repo": "nixpkgs",
        "rev": "2128d0aa28edef51fd8fef38b132ffc0155595df",
        "type": "github"
      },
      "original": {
        "owner": "nixos",
        "ref": "nixos-21.11",
        "repo": "nixpkgs",
        "type": "github"
      }
    },
    "root": {
      "inputs": {
        "home": "home",
        "impermanence": "impermanence",
        "latest": "latest",
        "nixpkgs": "nixpkgs",
        "unstable": "unstable"
      }
    },
    "unstable": {
      "locked": {
        "lastModified": 1644525281,
        "narHash": "sha256-D3VuWLdnLmAXIkooWAtbTGSQI9Fc1lkvAr94wTxhnTU=",
        "owner": "nixos",
        "repo": "nixpkgs",
        "rev": "48d63e924a2666baf37f4f14a18f19347fbd54a2",
        "type": "github"
      },
      "original": {
        "owner": "nixos",
        "ref": "nixos-unstable",
        "repo": "nixpkgs",
        "type": "github"
      }
    }
  },
  "root": "root",
  "version": 7
}
