{
  "nodes": {
    "home": {
      "inputs": {
        "nixpkgs": [
          "nixpkgs"
        ]
      },
      "locked": {
        "lastModified": 1634544068,
        "narHash": "sha256-RlRQBaAHfdWqfRyHdWuDPMkplBTYwuyDQqDcNbP/Sog=",
        "owner": "nix-community",
        "repo": "home-manager",
        "rev": "ff2bed9dac84fb202bbb3c49fdcfe30c29d0b12f",
        "type": "github"
      },
      "original": {
        "owner": "nix-community",
        "ref": "release-21.05",
        "repo": "home-manager",
        "type": "github"
      }
    },
    "impermanence": {
      "locked": {
        "lastModified": 1636812815,
        "narHash": "sha256-OG4/4cD2sGNM+ROaYhczwUJ3YCtzaIgX96rFjCs85JE=",
        "owner": "nix-community",
        "repo": "impermanence",
        "rev": "00df1e57bb9c7551b45a11c70f5472d0cbfbfff7",
        "type": "github"
      },
      "original": {
        "owner": "nix-community",
        "ref": "master",
        "repo": "impermanence",
        "type": "github"
      }
    },
    "latest": {
      "locked": {
        "lastModified": 1636973300,
        "narHash": "sha256-wOo17JCuFhtAzykXqIaDyA60ssTf/V95eZEH9wTFmow=",
        "owner": "nixos",
        "repo": "nixpkgs",
        "rev": "49b08e49195fdb17b5999a0695497765985c451e",
        "type": "github"
      },
      "original": {
        "owner": "nixos",
        "ref": "master",
        "repo": "nixpkgs",
        "type": "github"
      }
    },
    "nixpkgs": {
      "locked": {
        "lastModified": 1636855248,
        "narHash": "sha256-ISyGm3p9uNvSqsgguK6+Pr0IDJ3pik14wTHZXfF3e/s=",
        "owner": "nixos",
        "repo": "nixpkgs",
        "rev": "195d5816cddc056e07fd2aa3fe81ee6e3f9d96e2",
        "type": "github"
      },
      "original": {
        "owner": "nixos",
        "ref": "nixos-21.05",
        "repo": "nixpkgs",
        "type": "github"
      }
    },
    "root": {
      "inputs": {
        "home": "home",
        "impermanence": "impermanence",
        "latest": "latest",
        "nixpkgs": "nixpkgs",
        "unstable": "unstable"
      }
    },
    "unstable": {
      "locked": {
        "lastModified": 1636800699,
        "narHash": "sha256-SwbyVxXffu3G2ulJIbTf0iQfqhbGbdml4Dyv5j9BiAI=",
        "owner": "nixos",
        "repo": "nixpkgs",
        "rev": "2fa862644fc15ecb525eb8cd0a60276f1c340c7c",
        "type": "github"
      },
      "original": {
        "owner": "nixos",
        "ref": "nixos-unstable",
        "repo": "nixpkgs",
        "type": "github"
      }
    }
  },
  "root": "root",
  "version": 7
}
